PODS:
  - MAExtension (0.1.11):
    - MAExtension/Base (= 0.1.11)
    - MAExtension/JSON (= 0.1.11)
    - MAExtension/NSLogger (= 0.1.11)
  - MAExtension/Base (0.1.11)
  - MAExtension/JSON (0.1.11):
    - SwiftyJSON
  - MAExtension/NSLogger (0.1.11):
    - NSLogger/Swift
  - NSLogger/ObjC (1.9.0)
  - NSLogger/Swift (1.9.0):
    - NSLogger/ObjC
  - SwiftyJSON (4.1.0)

DEPENDENCIES:
  - MAExtension (from `.`)

SPEC REPOS:
  https://github.com/cocoapods/specs.git:
    - NSLogger
    - SwiftyJSON

EXTERNAL SOURCES:
  MAExtension:
    :path: "."

SPEC CHECKSUMS:
  MAExtension: ed9f53e33427702bc6bccee3cfe99e68c6ff8681
  NSLogger: 9f8f5ab017eb34d1a138f4905dc7fb8e9a0e3186
  SwiftyJSON: c29297daf073d2aa016295d5809cdd68045c39b3

PODFILE CHECKSUM: b6d1a00fb699c2c4d0311c45a8438f6e7ff62d49

COCOAPODS: 1.5.3
