PODS:
  - MAExtension (0.1.10):
    - MAExtension/Base (= 0.1.10)
    - NSLogger/Swift
    - SwiftyJSON
  - MAExtension/Base (0.1.10):
    - NSLogger/Swift
    - SwiftyJSON
  - NSLogger/ObjC (1.9.0)
  - NSLogger/Swift (1.9.0):
    - NSLogger/ObjC
  - SwiftyJSON (4.1.0)

DEPENDENCIES:
  - MAExtension (from `.`)

SPEC REPOS:
  https://github.com/cocoapods/specs.git:
    - NSLogger
    - SwiftyJSON

EXTERNAL SOURCES:
  MAExtension:
    :path: "."

SPEC CHECKSUMS:
  MAExtension: 86bdd6634e12f354ec803d82a00ee152d2ac9968
  NSLogger: 9f8f5ab017eb34d1a138f4905dc7fb8e9a0e3186
  SwiftyJSON: c29297daf073d2aa016295d5809cdd68045c39b3

PODFILE CHECKSUM: b6d1a00fb699c2c4d0311c45a8438f6e7ff62d49

COCOAPODS: 1.5.3
