PODS:
  - MAExtension (0.1.0):
    - MJRefresh
    - NSLogger/Swift
    - RxSwift
    - SwiftyJSON
  - MJRefresh (3.1.15.3)
  - NSLogger/ObjC (1.9.0)
  - NSLogger/Swift (1.9.0):
    - NSLogger/ObjC
  - RxSwift (4.1.2)
  - SwiftyJSON (4.1.0)

DEPENDENCIES:
  - MAExtension (from `.`)

EXTERNAL SOURCES:
  MAExtension:
    :path: .

SPEC CHECKSUMS:
  MAExtension: 2b9996ab9f290f253855ab775962949dfdba8f85
  MJRefresh: b48380ae2b927b46c4ef000de9adb8dc748e1df7
  NSLogger: 9f8f5ab017eb34d1a138f4905dc7fb8e9a0e3186
  RxSwift: e49536837d9901277638493ea537394d4b55f570
  SwiftyJSON: c29297daf073d2aa016295d5809cdd68045c39b3

PODFILE CHECKSUM: b6d1a00fb699c2c4d0311c45a8438f6e7ff62d49

COCOAPODS: 1.4.0
